// !$*UTF8*$!
{
	archiveVersion = 1;
	classes = {
	};
	objectVersion = 50;
	objects = {

/* Begin PBXBuildFile section */
		9351CF8425A15A9A0068E7B9 /* Journal_SwiftUIApp.swift in Sources */ = {isa = PBXBuildFile; fileRef = 9351CF8325A15A9A0068E7B9 /* Journal_SwiftUIApp.swift */; };
		9351CF8625A15A9A0068E7B9 /* JournalView.swift in Sources */ = {isa = PBXBuildFile; fileRef = 9351CF8525A15A9A0068E7B9 /* JournalView.swift */; };
		9351CF8825A15AA00068E7B9 /* Assets.xcassets in Resources */ = {isa = PBXBuildFile; fileRef = 9351CF8725A15AA00068E7B9 /* Assets.xcassets */; };
		9351CF8B25A15AA00068E7B9 /* Preview Assets.xcassets in Resources */ = {isa = PBXBuildFile; fileRef = 9351CF8A25A15AA00068E7B9 /* Preview Assets.xcassets */; };
		9351CF9625A15AA00068E7B9 /* Journal_SwiftUITests.swift in Sources */ = {isa = PBXBuildFile; fileRef = 9351CF9525A15AA00068E7B9 /* Journal_SwiftUITests.swift */; };
		9351CFA125A15AA10068E7B9 /* Journal_SwiftUIUITests.swift in Sources */ = {isa = PBXBuildFile; fileRef = 9351CFA025A15AA10068E7B9 /* Journal_SwiftUIUITests.swift */; };
		9351CFB525A2AF040068E7B9 /* EntryView.swift in Sources */ = {isa = PBXBuildFile; fileRef = 9351CFB425A2AF040068E7B9 /* EntryView.swift */; };
		9351CFC125A2B18C0068E7B9 /* Entry.swift in Sources */ = {isa = PBXBuildFile; fileRef = 9351CFC025A2B18C0068E7B9 /* Entry.swift */; };
		9375A4E625A6C42500EBDCCD /* CreateView.swift in Sources */ = {isa = PBXBuildFile; fileRef = 9375A4E525A6C42500EBDCCD /* CreateView.swift */; };
		9375A4EE25A6C6AC00EBDCCD /* TextView.swift in Sources */ = {isa = PBXBuildFile; fileRef = 9375A4ED25A6C6AC00EBDCCD /* TextView.swift */; };
/* End PBXBuildFile section */

/* Begin PBXContainerItemProxy section */
		9351CF9225A15AA00068E7B9 /* PBXContainerItemProxy */ = {
			isa = PBXContainerItemProxy;
			containerPortal = 9351CF7825A15A990068E7B9 /* Project object */;
			proxyType = 1;
			remoteGlobalIDString = 9351CF7F25A15A9A0068E7B9;
			remoteInfo = "Journal-SwiftUI";
		};
		9351CF9D25A15AA10068E7B9 /* PBXContainerItemProxy */ = {
			isa = PBXContainerItemProxy;
			containerPortal = 9351CF7825A15A990068E7B9 /* Project object */;
			proxyType = 1;
			remoteGlobalIDString = 9351CF7F25A15A9A0068E7B9;
			remoteInfo = "Journal-SwiftUI";
		};
/* End PBXContainerItemProxy section */

/* Begin PBXFileReference section */
		9351CF8025A15A9A0068E7B9 /* Journal-SwiftUI.app */ = {isa = PBXFileReference; explicitFileType = wrapper.application; includeInIndex = 0; path = "Journal-SwiftUI.app"; sourceTree = BUILT_PRODUCTS_DIR; };
		9351CF8325A15A9A0068E7B9 /* Journal_SwiftUIApp.swift */ = {isa = PBXFileReference; lastKnownFileType = sourcecode.swift; path = Journal_SwiftUIApp.swift; sourceTree = "<group>"; };
		9351CF8525A15A9A0068E7B9 /* JournalView.swift */ = {isa = PBXFileReference; lastKnownFileType = sourcecode.swift; path = JournalView.swift; sourceTree = "<group>"; };
		9351CF8725A15AA00068E7B9 /* Assets.xcassets */ = {isa = PBXFileReference; lastKnownFileType = folder.assetcatalog; path = Assets.xcassets; sourceTree = "<group>"; };
		9351CF8A25A15AA00068E7B9 /* Preview Assets.xcassets */ = {isa = PBXFileReference; lastKnownFileType = folder.assetcatalog; path = "Preview Assets.xcassets"; sourceTree = "<group>"; };
		9351CF8C25A15AA00068E7B9 /* Info.plist */ = {isa = PBXFileReference; lastKnownFileType = text.plist.xml; path = Info.plist; sourceTree = "<group>"; };
		9351CF9125A15AA00068E7B9 /* Journal-SwiftUITests.xctest */ = {isa = PBXFileReference; explicitFileType = wrapper.cfbundle; includeInIndex = 0; path = "Journal-SwiftUITests.xctest"; sourceTree = BUILT_PRODUCTS_DIR; };
		9351CF9525A15AA00068E7B9 /* Journal_SwiftUITests.swift */ = {isa = PBXFileReference; lastKnownFileType = sourcecode.swift; path = Journal_SwiftUITests.swift; sourceTree = "<group>"; };
		9351CF9725A15AA10068E7B9 /* Info.plist */ = {isa = PBXFileReference; lastKnownFileType = text.plist.xml; path = Info.plist; sourceTree = "<group>"; };
		9351CF9C25A15AA10068E7B9 /* Journal-SwiftUIUITests.xctest */ = {isa = PBXFileReference; explicitFileType = wrapper.cfbundle; includeInIndex = 0; path = "Journal-SwiftUIUITests.xctest"; sourceTree = BUILT_PRODUCTS_DIR; };
		9351CFA025A15AA10068E7B9 /* Journal_SwiftUIUITests.swift */ = {isa = PBXFileReference; lastKnownFileType = sourcecode.swift; path = Journal_SwiftUIUITests.swift; sourceTree = "<group>"; };
		9351CFA225A15AA10068E7B9 /* Info.plist */ = {isa = PBXFileReference; lastKnownFileType = text.plist.xml; path = Info.plist; sourceTree = "<group>"; };
		9351CFB425A2AF040068E7B9 /* EntryView.swift */ = {isa = PBXFileReference; lastKnownFileType = sourcecode.swift; path = EntryView.swift; sourceTree = "<group>"; };
		9351CFC025A2B18C0068E7B9 /* Entry.swift */ = {isa = PBXFileReference; lastKnownFileType = sourcecode.swift; path = Entry.swift; sourceTree = "<group>"; };
		9375A4E525A6C42500EBDCCD /* CreateView.swift */ = {isa = PBXFileReference; lastKnownFileType = sourcecode.swift; path = CreateView.swift; sourceTree = "<group>"; };
		9375A4ED25A6C6AC00EBDCCD /* TextView.swift */ = {isa = PBXFileReference; lastKnownFileType = sourcecode.swift; path = TextView.swift; sourceTree = "<group>"; };
/* End PBXFileReference section */

/* Begin PBXFrameworksBuildPhase section */
		9351CF7D25A15A9A0068E7B9 /* Frameworks */ = {
			isa = PBXFrameworksBuildPhase;
			buildActionMask = 2147483647;
			files = (
			);
			runOnlyForDeploymentPostprocessing = 0;
		};
		9351CF8E25A15AA00068E7B9 /* Frameworks */ = {
			isa = PBXFrameworksBuildPhase;
			buildActionMask = 2147483647;
			files = (
			);
			runOnlyForDeploymentPostprocessing = 0;
		};
		9351CF9925A15AA10068E7B9 /* Frameworks */ = {
			isa = PBXFrameworksBuildPhase;
			buildActionMask = 2147483647;
			files = (
			);
			runOnlyForDeploymentPostprocessing = 0;
		};
/* End PBXFrameworksBuildPhase section */

/* Begin PBXGroup section */
		9351CF7725A15A990068E7B9 = {
			isa = PBXGroup;
			children = (
				9351CF8225A15A9A0068E7B9 /* Journal-SwiftUI */,
				9351CF9425A15AA00068E7B9 /* Journal-SwiftUITests */,
				9351CF9F25A15AA10068E7B9 /* Journal-SwiftUIUITests */,
				9351CF8125A15A9A0068E7B9 /* Products */,
			);
			sourceTree = "<group>";
		};
		9351CF8125A15A9A0068E7B9 /* Products */ = {
			isa = PBXGroup;
			children = (
				9351CF8025A15A9A0068E7B9 /* Journal-SwiftUI.app */,
				9351CF9125A15AA00068E7B9 /* Journal-SwiftUITests.xctest */,
				9351CF9C25A15AA10068E7B9 /* Journal-SwiftUIUITests.xctest */,
			);
			name = Products;
			sourceTree = "<group>";
		};
		9351CF8225A15A9A0068E7B9 /* Journal-SwiftUI */ = {
			isa = PBXGroup;
			children = (
				9351CF8325A15A9A0068E7B9 /* Journal_SwiftUIApp.swift */,
				9351CF8525A15A9A0068E7B9 /* JournalView.swift */,
				9351CFB425A2AF040068E7B9 /* EntryView.swift */,
				9375A4E525A6C42500EBDCCD /* CreateView.swift */,
				9351CF8725A15AA00068E7B9 /* Assets.xcassets */,
				9351CF8C25A15AA00068E7B9 /* Info.plist */,
				9351CF8925A15AA00068E7B9 /* Preview Content */,
				9351CFC025A2B18C0068E7B9 /* Entry.swift */,
				9375A4ED25A6C6AC00EBDCCD /* TextView.swift */,
			);
			path = "Journal-SwiftUI";
			sourceTree = "<group>";
		};
		9351CF8925A15AA00068E7B9 /* Preview Content */ = {
			isa = PBXGroup;
			children = (
				9351CF8A25A15AA00068E7B9 /* Preview Assets.xcassets */,
			);
			path = "Preview Content";
			sourceTree = "<group>";
		};
		9351CF9425A15AA00068E7B9 /* Journal-SwiftUITests */ = {
			isa = PBXGroup;
			children = (
				9351CF9525A15AA00068E7B9 /* Journal_SwiftUITests.swift */,
				9351CF9725A15AA10068E7B9 /* Info.plist */,
			);
			path = "Journal-SwiftUITests";
			sourceTree = "<group>";
		};
		9351CF9F25A15AA10068E7B9 /* Journal-SwiftUIUITests */ = {
			isa = PBXGroup;
			children = (
				9351CFA025A15AA10068E7B9 /* Journal_SwiftUIUITests.swift */,
				9351CFA225A15AA10068E7B9 /* Info.plist */,
			);
			path = "Journal-SwiftUIUITests";
			sourceTree = "<group>";
		};
/* End PBXGroup section */

/* Begin PBXNativeTarget section */
		9351CF7F25A15A9A0068E7B9 /* Journal-SwiftUI */ = {
			isa = PBXNativeTarget;
			buildConfigurationList = 9351CFA525A15AA10068E7B9 /* Build configuration list for PBXNativeTarget "Journal-SwiftUI" */;
			buildPhases = (
				9351CF7C25A15A9A0068E7B9 /* Sources */,
				9351CF7D25A15A9A0068E7B9 /* Frameworks */,
				9351CF7E25A15A9A0068E7B9 /* Resources */,
			);
			buildRules = (
			);
			dependencies = (
			);
			name = "Journal-SwiftUI";
			productName = "Journal-SwiftUI";
			productReference = 9351CF8025A15A9A0068E7B9 /* Journal-SwiftUI.app */;
			productType = "com.apple.product-type.application";
		};
		9351CF9025A15AA00068E7B9 /* Journal-SwiftUITests */ = {
			isa = PBXNativeTarget;
			buildConfigurationList = 9351CFA825A15AA10068E7B9 /* Build configuration list for PBXNativeTarget "Journal-SwiftUITests" */;
			buildPhases = (
				9351CF8D25A15AA00068E7B9 /* Sources */,
				9351CF8E25A15AA00068E7B9 /* Frameworks */,
				9351CF8F25A15AA00068E7B9 /* Resources */,
			);
			buildRules = (
			);
			dependencies = (
				9351CF9325A15AA00068E7B9 /* PBXTargetDependency */,
			);
			name = "Journal-SwiftUITests";
			productName = "Journal-SwiftUITests";
			productReference = 9351CF9125A15AA00068E7B9 /* Journal-SwiftUITests.xctest */;
			productType = "com.apple.product-type.bundle.unit-test";
		};
		9351CF9B25A15AA10068E7B9 /* Journal-SwiftUIUITests */ = {
			isa = PBXNativeTarget;
			buildConfigurationList = 9351CFAB25A15AA10068E7B9 /* Build configuration list for PBXNativeTarget "Journal-SwiftUIUITests" */;
			buildPhases = (
				9351CF9825A15AA10068E7B9 /* Sources */,
				9351CF9925A15AA10068E7B9 /* Frameworks */,
				9351CF9A25A15AA10068E7B9 /* Resources */,
			);
			buildRules = (
			);
			dependencies = (
				9351CF9E25A15AA10068E7B9 /* PBXTargetDependency */,
			);
			name = "Journal-SwiftUIUITests";
			productName = "Journal-SwiftUIUITests";
			productReference = 9351CF9C25A15AA10068E7B9 /* Journal-SwiftUIUITests.xctest */;
			productType = "com.apple.product-type.bundle.ui-testing";
		};
/* End PBXNativeTarget section */

/* Begin PBXProject section */
		9351CF7825A15A990068E7B9 /* Project object */ = {
			isa = PBXProject;
			attributes = {
				LastSwiftUpdateCheck = 1230;
				LastUpgradeCheck = 1230;
				TargetAttributes = {
					9351CF7F25A15A9A0068E7B9 = {
						CreatedOnToolsVersion = 12.3;
					};
					9351CF9025A15AA00068E7B9 = {
						CreatedOnToolsVersion = 12.3;
						TestTargetID = 9351CF7F25A15A9A0068E7B9;
					};
					9351CF9B25A15AA10068E7B9 = {
						CreatedOnToolsVersion = 12.3;
						TestTargetID = 9351CF7F25A15A9A0068E7B9;
					};
				};
			};
			buildConfigurationList = 9351CF7B25A15A990068E7B9 /* Build configuration list for PBXProject "Journal-SwiftUI" */;
			compatibilityVersion = "Xcode 9.3";
			developmentRegion = en;
			hasScannedForEncodings = 0;
			knownRegions = (
				en,
				Base,
			);
			mainGroup = 9351CF7725A15A990068E7B9;
			productRefGroup = 9351CF8125A15A9A0068E7B9 /* Products */;
			projectDirPath = "";
			projectRoot = "";
			targets = (
				9351CF7F25A15A9A0068E7B9 /* Journal-SwiftUI */,
				9351CF9025A15AA00068E7B9 /* Journal-SwiftUITests */,
				9351CF9B25A15AA10068E7B9 /* Journal-SwiftUIUITests */,
			);
		};
/* End PBXProject section */

/* Begin PBXResourcesBuildPhase section */
		9351CF7E25A15A9A0068E7B9 /* Resources */ = {
			isa = PBXResourcesBuildPhase;
			buildActionMask = 2147483647;
			files = (
				9351CF8B25A15AA00068E7B9 /* Preview Assets.xcassets in Resources */,
				9351CF8825A15AA00068E7B9 /* Assets.xcassets in Resources */,
			);
			runOnlyForDeploymentPostprocessing = 0;
		};
		9351CF8F25A15AA00068E7B9 /* Resources */ = {
			isa = PBXResourcesBuildPhase;
			buildActionMask = 2147483647;
			files = (
			);
			runOnlyForDeploymentPostprocessing = 0;
		};
		9351CF9A25A15AA10068E7B9 /* Resources */ = {
			isa = PBXResourcesBuildPhase;
			buildActionMask = 2147483647;
			files = (
			);
			runOnlyForDeploymentPostprocessing = 0;
		};
/* End PBXResourcesBuildPhase section */

/* Begin PBXSourcesBuildPhase section */
		9351CF7C25A15A9A0068E7B9 /* Sources */ = {
			isa = PBXSourcesBuildPhase;
			buildActionMask = 2147483647;
			files = (
				9351CFC125A2B18C0068E7B9 /* Entry.swift in Sources */,
				9351CF8625A15A9A0068E7B9 /* JournalView.swift in Sources */,
				9351CF8425A15A9A0068E7B9 /* Journal_SwiftUIApp.swift in Sources */,
				9375A4EE25A6C6AC00EBDCCD /* TextView.swift in Sources */,
				9351CFB525A2AF040068E7B9 /* EntryView.swift in Sources */,
				9375A4E625A6C42500EBDCCD /* CreateView.swift in Sources */,
			);
			runOnlyForDeploymentPostprocessing = 0;
		};
		9351CF8D25A15AA00068E7B9 /* Sources */ = {
			isa = PBXSourcesBuildPhase;
			buildActionMask = 2147483647;
			files = (
				9351CF9625A15AA00068E7B9 /* Journal_SwiftUITests.swift in Sources */,
			);
			runOnlyForDeploymentPostprocessing = 0;
		};
		9351CF9825A15AA10068E7B9 /* Sources */ = {
			isa = PBXSourcesBuildPhase;
			buildActionMask = 2147483647;
			files = (
				9351CFA125A15AA10068E7B9 /* Journal_SwiftUIUITests.swift in Sources */,
			);
			runOnlyForDeploymentPostprocessing = 0;
		};
/* End PBXSourcesBuildPhase section */

/* Begin PBXTargetDependency section */
		9351CF9325A15AA00068E7B9 /* PBXTargetDependency */ = {
			isa = PBXTargetDependency;
			target = 9351CF7F25A15A9A0068E7B9 /* Journal-SwiftUI */;
			targetProxy = 9351CF9225A15AA00068E7B9 /* PBXContainerItemProxy */;
		};
		9351CF9E25A15AA10068E7B9 /* PBXTargetDependency */ = {
			isa = PBXTargetDependency;
			target = 9351CF7F25A15A9A0068E7B9 /* Journal-SwiftUI */;
			targetProxy = 9351CF9D25A15AA10068E7B9 /* PBXContainerItemProxy */;
		};
/* End PBXTargetDependency section */

/* Begin XCBuildConfiguration section */
		9351CFA325A15AA10068E7B9 /* Debug */ = {
			isa = XCBuildConfiguration;
			buildSettings = {
				ALWAYS_SEARCH_USER_PATHS = NO;
				CLANG_ANALYZER_NONNULL = YES;
				CLANG_ANALYZER_NUMBER_OBJECT_CONVERSION = YES_AGGRESSIVE;
				CLANG_CXX_LANGUAGE_STANDARD = "gnu++14";
				CLANG_CXX_LIBRARY = "libc++";
				CLANG_ENABLE_MODULES = YES;
				CLANG_ENABLE_OBJC_ARC = YES;
				CLANG_ENABLE_OBJC_WEAK = YES;
				CLANG_WARN_BLOCK_CAPTURE_AUTORELEASING = YES;
				CLANG_WARN_BOOL_CONVERSION = YES;
				CLANG_WARN_COMMA = YES;
				CLANG_WARN_CONSTANT_CONVERSION = YES;
				CLANG_WARN_DEPRECATED_OBJC_IMPLEMENTATIONS = YES;
				CLANG_WARN_DIRECT_OBJC_ISA_USAGE = YES_ERROR;
				CLANG_WARN_DOCUMENTATION_COMMENTS = YES;
				CLANG_WARN_EMPTY_BODY = YES;
				CLANG_WARN_ENUM_CONVERSION = YES;
				CLANG_WARN_INFINITE_RECURSION = YES;
				CLANG_WARN_INT_CONVERSION = YES;
				CLANG_WARN_NON_LITERAL_NULL_CONVERSION = YES;
				CLANG_WARN_OBJC_IMPLICIT_RETAIN_SELF = YES;
				CLANG_WARN_OBJC_LITERAL_CONVERSION = YES;
				CLANG_WARN_OBJC_ROOT_CLASS = YES_ERROR;
				CLANG_WARN_QUOTED_INCLUDE_IN_FRAMEWORK_HEADER = YES;
				CLANG_WARN_RANGE_LOOP_ANALYSIS = YES;
				CLANG_WARN_STRICT_PROTOTYPES = YES;
				CLANG_WARN_SUSPICIOUS_MOVE = YES;
				CLANG_WARN_UNGUARDED_AVAILABILITY = YES_AGGRESSIVE;
				CLANG_WARN_UNREACHABLE_CODE = YES;
				CLANG_WARN__DUPLICATE_METHOD_MATCH = YES;
				COPY_PHASE_STRIP = NO;
				DEBUG_INFORMATION_FORMAT = dwarf;
				ENABLE_STRICT_OBJC_MSGSEND = YES;
				ENABLE_TESTABILITY = YES;
				GCC_C_LANGUAGE_STANDARD = gnu11;
				GCC_DYNAMIC_NO_PIC = NO;
				GCC_NO_COMMON_BLOCKS = YES;
				GCC_OPTIMIZATION_LEVEL = 0;
				GCC_PREPROCESSOR_DEFINITIONS = (
					"DEBUG=1",
					"$(inherited)",
				);
				GCC_WARN_64_TO_32_BIT_CONVERSION = YES;
				GCC_WARN_ABOUT_RETURN_TYPE = YES_ERROR;
				GCC_WARN_UNDECLARED_SELECTOR = YES;
				GCC_WARN_UNINITIALIZED_AUTOS = YES_AGGRESSIVE;
				GCC_WARN_UNUSED_FUNCTION = YES;
				GCC_WARN_UNUSED_VARIABLE = YES;
				IPHONEOS_DEPLOYMENT_TARGET = 14.3;
				MTL_ENABLE_DEBUG_INFO = INCLUDE_SOURCE;
				MTL_FAST_MATH = YES;
				ONLY_ACTIVE_ARCH = YES;
				SDKROOT = iphoneos;
				SWIFT_ACTIVE_COMPILATION_CONDITIONS = DEBUG;
				SWIFT_OPTIMIZATION_LEVEL = "-Onone";
			};
			name = Debug;
		};
		9351CFA425A15AA10068E7B9 /* Release */ = {
			isa = XCBuildConfiguration;
			buildSettings = {
				ALWAYS_SEARCH_USER_PATHS = NO;
				CLANG_ANALYZER_NONNULL = YES;
				CLANG_ANALYZER_NUMBER_OBJECT_CONVERSION = YES_AGGRESSIVE;
				CLANG_CXX_LANGUAGE_STANDARD = "gnu++14";
				CLANG_CXX_LIBRARY = "libc++";
				CLANG_ENABLE_MODULES = YES;
				CLANG_ENABLE_OBJC_ARC = YES;
				CLANG_ENABLE_OBJC_WEAK = YES;
				CLANG_WARN_BLOCK_CAPTURE_AUTORELEASING = YES;
				CLANG_WARN_BOOL_CONVERSION = YES;
				CLANG_WARN_COMMA = YES;
				CLANG_WARN_CONSTANT_CONVERSION = YES;
				CLANG_WARN_DEPRECATED_OBJC_IMPLEMENTATIONS = YES;
				CLANG_WARN_DIRECT_OBJC_ISA_USAGE = YES_ERROR;
				CLANG_WARN_DOCUMENTATION_COMMENTS = YES;
				CLANG_WARN_EMPTY_BODY = YES;
				CLANG_WARN_ENUM_CONVERSION = YES;
				CLANG_WARN_INFINITE_RECURSION = YES;
				CLANG_WARN_INT_CONVERSION = YES;
				CLANG_WARN_NON_LITERAL_NULL_CONVERSION = YES;
				CLANG_WARN_OBJC_IMPLICIT_RETAIN_SELF = YES;
				CLANG_WARN_OBJC_LITERAL_CONVERSION = YES;
				CLANG_WARN_OBJC_ROOT_CLASS = YES_ERROR;
				CLANG_WARN_QUOTED_INCLUDE_IN_FRAMEWORK_HEADER = YES;
				CLANG_WARN_RANGE_LOOP_ANALYSIS = YES;
				CLANG_WARN_STRICT_PROTOTYPES = YES;
				CLANG_WARN_SUSPICIOUS_MOVE = YES;
				CLANG_WARN_UNGUARDED_AVAILABILITY = YES_AGGRESSIVE;
				CLANG_WARN_UNREACHABLE_CODE = YES;
				CLANG_WARN__DUPLICATE_METHOD_MATCH = YES;
				COPY_PHASE_STRIP = NO;
				DEBUG_INFORMATION_FORMAT = "dwarf-with-dsym";
				ENABLE_NS_ASSERTIONS = NO;
				ENABLE_STRICT_OBJC_MSGSEND = YES;
				GCC_C_LANGUAGE_STANDARD = gnu11;
				GCC_NO_COMMON_BLOCKS = YES;
				GCC_WARN_64_TO_32_BIT_CONVERSION = YES;
				GCC_WARN_ABOUT_RETURN_TYPE = YES_ERROR;
				GCC_WARN_UNDECLARED_SELECTOR = YES;
				GCC_WARN_UNINITIALIZED_AUTOS = YES_AGGRESSIVE;
				GCC_WARN_UNUSED_FUNCTION = YES;
				GCC_WARN_UNUSED_VARIABLE = YES;
				IPHONEOS_DEPLOYMENT_TARGET = 14.3;
				MTL_ENABLE_DEBUG_INFO = NO;
				MTL_FAST_MATH = YES;
				SDKROOT = iphoneos;
				SWIFT_COMPILATION_MODE = wholemodule;
				SWIFT_OPTIMIZATION_LEVEL = "-O";
				VALIDATE_PRODUCT = YES;
			};
			name = Release;
		};
		9351CFA625A15AA10068E7B9 /* Debug */ = {
			isa = XCBuildConfiguration;
			buildSettings = {
				ASSETCATALOG_COMPILER_APPICON_NAME = AppIcon;
				ASSETCATALOG_COMPILER_GLOBAL_ACCENT_COLOR_NAME = AccentColor;
				CODE_SIGN_STYLE = Automatic;
				DEVELOPMENT_ASSET_PATHS = "\"Journal-SwiftUI/Preview Content\"";
				DEVELOPMENT_TEAM = CYXP9477KA;
				ENABLE_PREVIEWS = YES;
				INFOPLIST_FILE = "Journal-SwiftUI/Info.plist";
				IPHONEOS_DEPLOYMENT_TARGET = 14.0;
				LD_RUNPATH_SEARCH_PATHS = (
					"$(inherited)",
					"@executable_path/Frameworks",
				);
				PRODUCT_BUNDLE_IDENTIFIER = "com.bryanworkman.Journal-SwiftUI";
				PRODUCT_NAME = "$(TARGET_NAME)";
				SWIFT_VERSION = 5.0;
				TARGETED_DEVICE_FAMILY = "1,2";
			};
			name = Debug;
		};
		9351CFA725A15AA10068E7B9 /* Release */ = {
			isa = XCBuildConfiguration;
			buildSettings = {
				ASSETCATALOG_COMPILER_APPICON_NAME = AppIcon;
				ASSETCATALOG_COMPILER_GLOBAL_ACCENT_COLOR_NAME = AccentColor;
				CODE_SIGN_STYLE = Automatic;
				DEVELOPMENT_ASSET_PATHS = "\"Journal-SwiftUI/Preview Content\"";
				DEVELOPMENT_TEAM = CYXP9477KA;
				ENABLE_PREVIEWS = YES;
				INFOPLIST_FILE = "Journal-SwiftUI/Info.plist";
				IPHONEOS_DEPLOYMENT_TARGET = 14.0;
				LD_RUNPATH_SEARCH_PATHS = (
					"$(inherited)",
					"@executable_path/Frameworks",
				);
				PRODUCT_BUNDLE_IDENTIFIER = "com.bryanworkman.Journal-SwiftUI";
				PRODUCT_NAME = "$(TARGET_NAME)";
				SWIFT_VERSION = 5.0;
				TARGETED_DEVICE_FAMILY = "1,2";
			};
			name = Release;
		};
		9351CFA925A15AA10068E7B9 /* Debug */ = {
			isa = XCBuildConfiguration;
			buildSettings = {
				ALWAYS_EMBED_SWIFT_STANDARD_LIBRARIES = YES;
				BUNDLE_LOADER = "$(TEST_HOST)";
				CODE_SIGN_STYLE = Automatic;
				DEVELOPMENT_TEAM = CYXP9477KA;
				INFOPLIST_FILE = "Journal-SwiftUITests/Info.plist";
				IPHONEOS_DEPLOYMENT_TARGET = 14.0;
				LD_RUNPATH_SEARCH_PATHS = (
					"$(inherited)",
					"@executable_path/Frameworks",
					"@loader_path/Frameworks",
				);
				PRODUCT_BUNDLE_IDENTIFIER = "com.bryanworkman.Journal-SwiftUITests";
				PRODUCT_NAME = "$(TARGET_NAME)";
				SWIFT_VERSION = 5.0;
				TARGETED_DEVICE_FAMILY = "1,2";
				TEST_HOST = "$(BUILT_PRODUCTS_DIR)/Journal-SwiftUI.app/Journal-SwiftUI";
			};
			name = Debug;
		};
		9351CFAA25A15AA10068E7B9 /* Release */ = {
			isa = XCBuildConfiguration;
			buildSettings = {
				ALWAYS_EMBED_SWIFT_STANDARD_LIBRARIES = YES;
				BUNDLE_LOADER = "$(TEST_HOST)";
				CODE_SIGN_STYLE = Automatic;
				DEVELOPMENT_TEAM = CYXP9477KA;
				INFOPLIST_FILE = "Journal-SwiftUITests/Info.plist";
				IPHONEOS_DEPLOYMENT_TARGET = 14.0;
				LD_RUNPATH_SEARCH_PATHS = (
					"$(inherited)",
					"@executable_path/Frameworks",
					"@loader_path/Frameworks",
				);
				PRODUCT_BUNDLE_IDENTIFIER = "com.bryanworkman.Journal-SwiftUITests";
				PRODUCT_NAME = "$(TARGET_NAME)";
				SWIFT_VERSION = 5.0;
				TARGETED_DEVICE_FAMILY = "1,2";
				TEST_HOST = "$(BUILT_PRODUCTS_DIR)/Journal-SwiftUI.app/Journal-SwiftUI";
			};
			name = Release;
		};
		9351CFAC25A15AA10068E7B9 /* Debug */ = {
			isa = XCBuildConfiguration;
			buildSettings = {
				ALWAYS_EMBED_SWIFT_STANDARD_LIBRARIES = YES;
				CODE_SIGN_STYLE = Automatic;
				DEVELOPMENT_TEAM = CYXP9477KA;
				INFOPLIST_FILE = "Journal-SwiftUIUITests/Info.plist";
				LD_RUNPATH_SEARCH_PATHS = (
					"$(inherited)",
					"@executable_path/Frameworks",
					"@loader_path/Frameworks",
				);
				PRODUCT_BUNDLE_IDENTIFIER = "com.bryanworkman.Journal-SwiftUIUITests";
				PRODUCT_NAME = "$(TARGET_NAME)";
				SWIFT_VERSION = 5.0;
				TARGETED_DEVICE_FAMILY = "1,2";
				TEST_TARGET_NAME = "Journal-SwiftUI";
			};
			name = Debug;
		};
		9351CFAD25A15AA10068E7B9 /* Release */ = {
			isa = XCBuildConfiguration;
			buildSettings = {
				ALWAYS_EMBED_SWIFT_STANDARD_LIBRARIES = YES;
				CODE_SIGN_STYLE = Automatic;
				DEVELOPMENT_TEAM = CYXP9477KA;
				INFOPLIST_FILE = "Journal-SwiftUIUITests/Info.plist";
				LD_RUNPATH_SEARCH_PATHS = (
					"$(inherited)",
					"@executable_path/Frameworks",
					"@loader_path/Frameworks",
				);
				PRODUCT_BUNDLE_IDENTIFIER = "com.bryanworkman.Journal-SwiftUIUITests";
				PRODUCT_NAME = "$(TARGET_NAME)";
				SWIFT_VERSION = 5.0;
				TARGETED_DEVICE_FAMILY = "1,2";
				TEST_TARGET_NAME = "Journal-SwiftUI";
			};
			name = Release;
		};
/* End XCBuildConfiguration section */

/* Begin XCConfigurationList section */
		9351CF7B25A15A990068E7B9 /* Build configuration list for PBXProject "Journal-SwiftUI" */ = {
			isa = XCConfigurationList;
			buildConfigurations = (
				9351CFA325A15AA10068E7B9 /* Debug */,
				9351CFA425A15AA10068E7B9 /* Release */,
			);
			defaultConfigurationIsVisible = 0;
			defaultConfigurationName = Release;
		};
		9351CFA525A15AA10068E7B9 /* Build configuration list for PBXNativeTarget "Journal-SwiftUI" */ = {
			isa = XCConfigurationList;
			buildConfigurations = (
				9351CFA625A15AA10068E7B9 /* Debug */,
				9351CFA725A15AA10068E7B9 /* Release */,
			);
			defaultConfigurationIsVisible = 0;
			defaultConfigurationName = Release;
		};
		9351CFA825A15AA10068E7B9 /* Build configuration list for PBXNativeTarget "Journal-SwiftUITests" */ = {
			isa = XCConfigurationList;
			buildConfigurations = (
				9351CFA925A15AA10068E7B9 /* Debug */,
				9351CFAA25A15AA10068E7B9 /* Release */,
			);
			defaultConfigurationIsVisible = 0;
			defaultConfigurationName = Release;
		};
		9351CFAB25A15AA10068E7B9 /* Build configuration list for PBXNativeTarget "Journal-SwiftUIUITests" */ = {
			isa = XCConfigurationList;
			buildConfigurations = (
				9351CFAC25A15AA10068E7B9 /* Debug */,
				9351CFAD25A15AA10068E7B9 /* Release */,
			);
			defaultConfigurationIsVisible = 0;
			defaultConfigurationName = Release;
		};
/* End XCConfigurationList section */
	};
	rootObject = 9351CF7825A15A990068E7B9 /* Project object */;
}
